// !$*UTF8*$!
{
	archiveVersion = 1;
	classes = {
	};
	objectVersion = 46;
	objects = {

/* Begin PBXBuildFile section */
		7914ADCE1C3BCFF30089FEF0 /* AppDelegate.swift in Sources */ = {isa = PBXBuildFile; fileRef = 7914ADCD1C3BCFF30089FEF0 /* AppDelegate.swift */; };
		7914ADD01C3BCFF30089FEF0 /* ViewController.swift in Sources */ = {isa = PBXBuildFile; fileRef = 7914ADCF1C3BCFF30089FEF0 /* ViewController.swift */; };
		7914ADD31C3BCFF30089FEF0 /* Main.storyboard in Resources */ = {isa = PBXBuildFile; fileRef = 7914ADD11C3BCFF30089FEF0 /* Main.storyboard */; };
		7914ADD51C3BCFF30089FEF0 /* Assets.xcassets in Resources */ = {isa = PBXBuildFile; fileRef = 7914ADD41C3BCFF30089FEF0 /* Assets.xcassets */; };
		7914ADD81C3BCFF30089FEF0 /* LaunchScreen.storyboard in Resources */ = {isa = PBXBuildFile; fileRef = 7914ADD61C3BCFF30089FEF0 /* LaunchScreen.storyboard */; };
		79F008DA1C482E0F00A8CBB7 /* Acclaim.framework in Frameworks */ = {isa = PBXBuildFile; fileRef = 79F008D91C482E0F00A8CBB7 /* Acclaim.framework */; };
		79F008DB1C482E0F00A8CBB7 /* Acclaim.framework in Embed Frameworks */ = {isa = PBXBuildFile; fileRef = 79F008D91C482E0F00A8CBB7 /* Acclaim.framework */; settings = {ATTRIBUTES = (CodeSignOnCopy, RemoveHeadersOnCopy, ); }; };
/* End PBXBuildFile section */

/* Begin PBXCopyFilesBuildPhase section */
		79F008DC1C482E1000A8CBB7 /* Embed Frameworks */ = {
			isa = PBXCopyFilesBuildPhase;
			buildActionMask = 2147483647;
			dstPath = "";
			dstSubfolderSpec = 10;
			files = (
				79F008DB1C482E0F00A8CBB7 /* Acclaim.framework in Embed Frameworks */,
			);
			name = "Embed Frameworks";
			runOnlyForDeploymentPostprocessing = 0;
		};
/* End PBXCopyFilesBuildPhase section */

/* Begin PBXFileReference section */
		7914ADCA1C3BCFF30089FEF0 /* AcclaimDemo.app */ = {isa = PBXFileReference; explicitFileType = wrapper.application; includeInIndex = 0; path = AcclaimDemo.app; sourceTree = BUILT_PRODUCTS_DIR; };
		7914ADCD1C3BCFF30089FEF0 /* AppDelegate.swift */ = {isa = PBXFileReference; lastKnownFileType = sourcecode.swift; path = AppDelegate.swift; sourceTree = "<group>"; };
		7914ADCF1C3BCFF30089FEF0 /* ViewController.swift */ = {isa = PBXFileReference; lastKnownFileType = sourcecode.swift; path = ViewController.swift; sourceTree = "<group>"; };
		7914ADD21C3BCFF30089FEF0 /* Base */ = {isa = PBXFileReference; lastKnownFileType = file.storyboard; name = Base; path = Base.lproj/Main.storyboard; sourceTree = "<group>"; };
		7914ADD41C3BCFF30089FEF0 /* Assets.xcassets */ = {isa = PBXFileReference; lastKnownFileType = folder.assetcatalog; path = Assets.xcassets; sourceTree = "<group>"; };
		7914ADD71C3BCFF30089FEF0 /* Base */ = {isa = PBXFileReference; lastKnownFileType = file.storyboard; name = Base; path = Base.lproj/LaunchScreen.storyboard; sourceTree = "<group>"; };
		7914ADD91C3BCFF30089FEF0 /* Info.plist */ = {isa = PBXFileReference; lastKnownFileType = text.plist.xml; path = Info.plist; sourceTree = "<group>"; };
		79F008D91C482E0F00A8CBB7 /* Acclaim.framework */ = {isa = PBXFileReference; explicitFileType = wrapper.framework; name = Acclaim.framework; path = "/Users/gradyzhuo/Library/Developer/Xcode/DerivedData/Acclaim-bjshldpxkdcgsyfywrauvuqggbav/Build/Products/Debug-iphoneos/Acclaim.framework"; sourceTree = "<absolute>"; };
/* End PBXFileReference section */

/* Begin PBXFrameworksBuildPhase section */
		7914ADC71C3BCFF30089FEF0 /* Frameworks */ = {
			isa = PBXFrameworksBuildPhase;
			buildActionMask = 2147483647;
			files = (
				79F008DA1C482E0F00A8CBB7 /* Acclaim.framework in Frameworks */,
			);
			runOnlyForDeploymentPostprocessing = 0;
		};
/* End PBXFrameworksBuildPhase section */

/* Begin PBXGroup section */
		7914ADC11C3BCFF30089FEF0 = {
			isa = PBXGroup;
			children = (
				79F008D91C482E0F00A8CBB7 /* Acclaim.framework */,
				7914ADCC1C3BCFF30089FEF0 /* AcclaimDemo */,
				7914ADCB1C3BCFF30089FEF0 /* Products */,
			);
			sourceTree = "<group>";
		};
		7914ADCB1C3BCFF30089FEF0 /* Products */ = {
			isa = PBXGroup;
			children = (
				7914ADCA1C3BCFF30089FEF0 /* AcclaimDemo.app */,
			);
			name = Products;
			sourceTree = "<group>";
		};
		7914ADCC1C3BCFF30089FEF0 /* AcclaimDemo */ = {
			isa = PBXGroup;
			children = (
				7914ADCD1C3BCFF30089FEF0 /* AppDelegate.swift */,
				7914ADCF1C3BCFF30089FEF0 /* ViewController.swift */,
				7914ADD11C3BCFF30089FEF0 /* Main.storyboard */,
				7914ADD41C3BCFF30089FEF0 /* Assets.xcassets */,
				7914ADD61C3BCFF30089FEF0 /* LaunchScreen.storyboard */,
				7914ADD91C3BCFF30089FEF0 /* Info.plist */,
			);
			path = AcclaimDemo;
			sourceTree = "<group>";
		};
/* End PBXGroup section */

/* Begin PBXNativeTarget section */
		7914ADC91C3BCFF30089FEF0 /* AcclaimDemo */ = {
			isa = PBXNativeTarget;
			buildConfigurationList = 7914ADDC1C3BCFF30089FEF0 /* Build configuration list for PBXNativeTarget "AcclaimDemo" */;
			buildPhases = (
				7914ADC61C3BCFF30089FEF0 /* Sources */,
				7914ADC71C3BCFF30089FEF0 /* Frameworks */,
				7914ADC81C3BCFF30089FEF0 /* Resources */,
				79F008DC1C482E1000A8CBB7 /* Embed Frameworks */,
			);
			buildRules = (
			);
			dependencies = (
			);
			name = AcclaimDemo;
			productName = AcclaimDemo;
			productReference = 7914ADCA1C3BCFF30089FEF0 /* AcclaimDemo.app */;
			productType = "com.apple.product-type.application";
		};
/* End PBXNativeTarget section */

/* Begin PBXProject section */
		7914ADC21C3BCFF30089FEF0 /* Project object */ = {
			isa = PBXProject;
			attributes = {
				LastSwiftUpdateCheck = 0720;
				LastUpgradeCheck = 0720;
				ORGANIZATIONNAME = Offsky;
				TargetAttributes = {
					7914ADC91C3BCFF30089FEF0 = {
						CreatedOnToolsVersion = 7.2;
						DevelopmentTeam = XWA3XUFMA8;
					};
				};
			};
			buildConfigurationList = 7914ADC51C3BCFF30089FEF0 /* Build configuration list for PBXProject "AcclaimDemo" */;
			compatibilityVersion = "Xcode 3.2";
			developmentRegion = English;
			hasScannedForEncodings = 0;
			knownRegions = (
				en,
				Base,
			);
			mainGroup = 7914ADC11C3BCFF30089FEF0;
			productRefGroup = 7914ADCB1C3BCFF30089FEF0 /* Products */;
			projectDirPath = "";
			projectRoot = "";
			targets = (
				7914ADC91C3BCFF30089FEF0 /* AcclaimDemo */,
			);
		};
/* End PBXProject section */

/* Begin PBXResourcesBuildPhase section */
		7914ADC81C3BCFF30089FEF0 /* Resources */ = {
			isa = PBXResourcesBuildPhase;
			buildActionMask = 2147483647;
			files = (
				7914ADD81C3BCFF30089FEF0 /* LaunchScreen.storyboard in Resources */,
				7914ADD51C3BCFF30089FEF0 /* Assets.xcassets in Resources */,
				7914ADD31C3BCFF30089FEF0 /* Main.storyboard in Resources */,
			);
			runOnlyForDeploymentPostprocessing = 0;
		};
/* End PBXResourcesBuildPhase section */

/* Begin PBXSourcesBuildPhase section */
		7914ADC61C3BCFF30089FEF0 /* Sources */ = {
			isa = PBXSourcesBuildPhase;
			buildActionMask = 2147483647;
			files = (
				7914ADD01C3BCFF30089FEF0 /* ViewController.swift in Sources */,
				7914ADCE1C3BCFF30089FEF0 /* AppDelegate.swift in Sources */,
			);
			runOnlyForDeploymentPostprocessing = 0;
		};
/* End PBXSourcesBuildPhase section */

/* Begin PBXVariantGroup section */
		7914ADD11C3BCFF30089FEF0 /* Main.storyboard */ = {
			isa = PBXVariantGroup;
			children = (
				7914ADD21C3BCFF30089FEF0 /* Base */,
			);
			name = Main.storyboard;
			sourceTree = "<group>";
		};
		7914ADD61C3BCFF30089FEF0 /* LaunchScreen.storyboard */ = {
			isa = PBXVariantGroup;
			children = (
				7914ADD71C3BCFF30089FEF0 /* Base */,
			);
			name = LaunchScreen.storyboard;
			sourceTree = "<group>";
		};
/* End PBXVariantGroup section */

/* Begin XCBuildConfiguration section */
		7914ADDA1C3BCFF30089FEF0 /* Debug */ = {
			isa = XCBuildConfiguration;
			buildSettings = {
				ALWAYS_SEARCH_USER_PATHS = NO;
				CLANG_CXX_LANGUAGE_STANDARD = "gnu++0x";
				CLANG_CXX_LIBRARY = "libc++";
				CLANG_ENABLE_MODULES = YES;
				CLANG_ENABLE_OBJC_ARC = YES;
				CLANG_WARN_BOOL_CONVERSION = YES;
				CLANG_WARN_CONSTANT_CONVERSION = YES;
				CLANG_WARN_DIRECT_OBJC_ISA_USAGE = YES_ERROR;
				CLANG_WARN_EMPTY_BODY = YES;
				CLANG_WARN_ENUM_CONVERSION = YES;
				CLANG_WARN_INT_CONVERSION = YES;
				CLANG_WARN_OBJC_ROOT_CLASS = YES_ERROR;
				CLANG_WARN_UNREACHABLE_CODE = YES;
				CLANG_WARN__DUPLICATE_METHOD_MATCH = YES;
				"CODE_SIGN_IDENTITY[sdk=iphoneos*]" = "iPhone Developer";
				COPY_PHASE_STRIP = NO;
				DEBUG_INFORMATION_FORMAT = dwarf;
				ENABLE_STRICT_OBJC_MSGSEND = YES;
				ENABLE_TESTABILITY = YES;
				GCC_C_LANGUAGE_STANDARD = gnu99;
				GCC_DYNAMIC_NO_PIC = NO;
				GCC_NO_COMMON_BLOCKS = YES;
				GCC_OPTIMIZATION_LEVEL = 0;
				GCC_PREPROCESSOR_DEFINITIONS = (
					"DEBUG=1",
					"$(inherited)",
				);
				GCC_WARN_64_TO_32_BIT_CONVERSION = YES;
				GCC_WARN_ABOUT_RETURN_TYPE = YES_ERROR;
				GCC_WARN_UNDECLARED_SELECTOR = YES;
				GCC_WARN_UNINITIALIZED_AUTOS = YES_AGGRESSIVE;
				GCC_WARN_UNUSED_FUNCTION = YES;
				GCC_WARN_UNUSED_VARIABLE = YES;
				IPHONEOS_DEPLOYMENT_TARGET = 9.2;
				MTL_ENABLE_DEBUG_INFO = YES;
				ONLY_ACTIVE_ARCH = YES;
				SDKROOT = iphoneos;
				SWIFT_OPTIMIZATION_LEVEL = "-Onone";
				TARGETED_DEVICE_FAMILY = "1,2";
			};
			name = Debug;
		};
		7914ADDB1C3BCFF30089FEF0 /* Release */ = {
			isa = XCBuildConfiguration;
			buildSettings = {
				ALWAYS_SEARCH_USER_PATHS = NO;
				CLANG_CXX_LANGUAGE_STANDARD = "gnu++0x";
				CLANG_CXX_LIBRARY = "libc++";
				CLANG_ENABLE_MODULES = YES;
				CLANG_ENABLE_OBJC_ARC = YES;
				CLANG_WARN_BOOL_CONVERSION = YES;
				CLANG_WARN_CONSTANT_CONVERSION = YES;
				CLANG_WARN_DIRECT_OBJC_ISA_USAGE = YES_ERROR;
				CLANG_WARN_EMPTY_BODY = YES;
				CLANG_WARN_ENUM_CONVERSION = YES;
				CLANG_WARN_INT_CONVERSION = YES;
				CLANG_WARN_OBJC_ROOT_CLASS = YES_ERROR;
				CLANG_WARN_UNREACHABLE_CODE = YES;
				CLANG_WARN__DUPLICATE_METHOD_MATCH = YES;
				"CODE_SIGN_IDENTITY[sdk=iphoneos*]" = "iPhone Developer";
				COPY_PHASE_STRIP = NO;
				DEBUG_INFORMATION_FORMAT = "dwarf-with-dsym";
				ENABLE_NS_ASSERTIONS = NO;
				ENABLE_STRICT_OBJC_MSGSEND = YES;
				GCC_C_LANGUAGE_STANDARD = gnu99;
				GCC_NO_COMMON_BLOCKS = YES;
				GCC_WARN_64_TO_32_BIT_CONVERSION = YES;
				GCC_WARN_ABOUT_RETURN_TYPE = YES_ERROR;
				GCC_WARN_UNDECLARED_SELECTOR = YES;
				GCC_WARN_UNINITIALIZED_AUTOS = YES_AGGRESSIVE;
				GCC_WARN_UNUSED_FUNCTION = YES;
				GCC_WARN_UNUSED_VARIABLE = YES;
				IPHONEOS_DEPLOYMENT_TARGET = 9.2;
				MTL_ENABLE_DEBUG_INFO = NO;
				SDKROOT = iphoneos;
				TARGETED_DEVICE_FAMILY = "1,2";
				VALIDATE_PRODUCT = YES;
			};
			name = Release;
		};
		7914ADDD1C3BCFF30089FEF0 /* Debug */ = {
			isa = XCBuildConfiguration;
			buildSettings = {
				ASSETCATALOG_COMPILER_APPICON_NAME = AppIcon;
				CODE_SIGN_IDENTITY = "iPhone Developer";
				"CODE_SIGN_IDENTITY[sdk=iphoneos*]" = "iPhone Developer";
				FRAMEWORK_SEARCH_PATHS = (
					"$(inherited)",
					"$(PROJECT_DIR)/AcclaimDemo",
				);
				INFOPLIST_FILE = AcclaimDemo/Info.plist;
				LD_RUNPATH_SEARCH_PATHS = "$(inherited) @executable_path/Frameworks";
				OTHER_LDFLAGS = "-ObjC";
				PRODUCT_BUNDLE_IDENTIFIER = org.offsky.AcclaimDemo;
				PRODUCT_NAME = "$(TARGET_NAME)";
				PROVISIONING_PROFILE = "";
			};
			name = Debug;
		};
		7914ADDE1C3BCFF30089FEF0 /* Release */ = {
			isa = XCBuildConfiguration;
			buildSettings = {
				ASSETCATALOG_COMPILER_APPICON_NAME = AppIcon;
				CODE_SIGN_IDENTITY = "iPhone Developer";
				"CODE_SIGN_IDENTITY[sdk=iphoneos*]" = "iPhone Developer";
				FRAMEWORK_SEARCH_PATHS = (
					"$(inherited)",
					"$(PROJECT_DIR)/AcclaimDemo",
				);
				INFOPLIST_FILE = AcclaimDemo/Info.plist;
				LD_RUNPATH_SEARCH_PATHS = "$(inherited) @executable_path/Frameworks";
				OTHER_LDFLAGS = "-ObjC";
				PRODUCT_BUNDLE_IDENTIFIER = org.offsky.AcclaimDemo;
				PRODUCT_NAME = "$(TARGET_NAME)";
				PROVISIONING_PROFILE = "";
			};
			name = Release;
		};
/* End XCBuildConfiguration section */

/* Begin XCConfigurationList section */
		7914ADC51C3BCFF30089FEF0 /* Build configuration list for PBXProject "AcclaimDemo" */ = {
			isa = XCConfigurationList;
			buildConfigurations = (
				7914ADDA1C3BCFF30089FEF0 /* Debug */,
				7914ADDB1C3BCFF30089FEF0 /* Release */,
			);
			defaultConfigurationIsVisible = 0;
			defaultConfigurationName = Release;
		};
		7914ADDC1C3BCFF30089FEF0 /* Build configuration list for PBXNativeTarget "AcclaimDemo" */ = {
			isa = XCConfigurationList;
			buildConfigurations = (
				7914ADDD1C3BCFF30089FEF0 /* Debug */,
				7914ADDE1C3BCFF30089FEF0 /* Release */,
			);
			defaultConfigurationIsVisible = 0;
			defaultConfigurationName = Release;
		};
/* End XCConfigurationList section */
	};
	rootObject = 7914ADC21C3BCFF30089FEF0 /* Project object */;
}
