// !$*UTF8*$!
{
	archiveVersion = 1;
	classes = {
	};
	objectVersion = 46;
	objects = {

/* Begin PBXBuildFile section */
		795432D81C5545E50011A522 /* main.m in Sources */ = {isa = PBXBuildFile; fileRef = 795432D71C5545E50011A522 /* main.m */; };
		795432DB1C5545E50011A522 /* AppDelegate.m in Sources */ = {isa = PBXBuildFile; fileRef = 795432DA1C5545E50011A522 /* AppDelegate.m */; };
		795432DE1C5545E50011A522 /* ViewController.m in Sources */ = {isa = PBXBuildFile; fileRef = 795432DD1C5545E50011A522 /* ViewController.m */; };
		795432E11C5545E50011A522 /* Main.storyboard in Resources */ = {isa = PBXBuildFile; fileRef = 795432DF1C5545E50011A522 /* Main.storyboard */; };
		795432E31C5545E50011A522 /* Assets.xcassets in Resources */ = {isa = PBXBuildFile; fileRef = 795432E21C5545E50011A522 /* Assets.xcassets */; };
		795432E61C5545E50011A522 /* LaunchScreen.storyboard in Resources */ = {isa = PBXBuildFile; fileRef = 795432E41C5545E50011A522 /* LaunchScreen.storyboard */; };
		79C415FE1C972734008B3496 /* Acclaim.framework in Frameworks */ = {isa = PBXBuildFile; fileRef = 79C415FD1C972734008B3496 /* Acclaim.framework */; };
		79C415FF1C972734008B3496 /* Acclaim.framework in Embed Frameworks */ = {isa = PBXBuildFile; fileRef = 79C415FD1C972734008B3496 /* Acclaim.framework */; settings = {ATTRIBUTES = (CodeSignOnCopy, RemoveHeadersOnCopy, ); }; };
		79C416011C972734008B3496 /* Acclaim_OC.framework in Frameworks */ = {isa = PBXBuildFile; fileRef = 79C416001C972734008B3496 /* Acclaim_OC.framework */; };
		79C416021C972734008B3496 /* Acclaim_OC.framework in Embed Frameworks */ = {isa = PBXBuildFile; fileRef = 79C416001C972734008B3496 /* Acclaim_OC.framework */; settings = {ATTRIBUTES = (CodeSignOnCopy, RemoveHeadersOnCopy, ); }; };
/* End PBXBuildFile section */

/* Begin PBXCopyFilesBuildPhase section */
		79C416031C972734008B3496 /* Embed Frameworks */ = {
			isa = PBXCopyFilesBuildPhase;
			buildActionMask = 2147483647;
			dstPath = "";
			dstSubfolderSpec = 10;
			files = (
				79C415FF1C972734008B3496 /* Acclaim.framework in Embed Frameworks */,
				79C416021C972734008B3496 /* Acclaim_OC.framework in Embed Frameworks */,
			);
			name = "Embed Frameworks";
			runOnlyForDeploymentPostprocessing = 0;
		};
/* End PBXCopyFilesBuildPhase section */

/* Begin PBXFileReference section */
		795432D31C5545E50011A522 /* OCTest.app */ = {isa = PBXFileReference; explicitFileType = wrapper.application; includeInIndex = 0; path = OCTest.app; sourceTree = BUILT_PRODUCTS_DIR; };
		795432D71C5545E50011A522 /* main.m */ = {isa = PBXFileReference; lastKnownFileType = sourcecode.c.objc; path = main.m; sourceTree = "<group>"; };
		795432D91C5545E50011A522 /* AppDelegate.h */ = {isa = PBXFileReference; lastKnownFileType = sourcecode.c.h; path = AppDelegate.h; sourceTree = "<group>"; };
		795432DA1C5545E50011A522 /* AppDelegate.m */ = {isa = PBXFileReference; lastKnownFileType = sourcecode.c.objc; path = AppDelegate.m; sourceTree = "<group>"; };
		795432DC1C5545E50011A522 /* ViewController.h */ = {isa = PBXFileReference; lastKnownFileType = sourcecode.c.h; path = ViewController.h; sourceTree = "<group>"; };
		795432DD1C5545E50011A522 /* ViewController.m */ = {isa = PBXFileReference; lastKnownFileType = sourcecode.c.objc; path = ViewController.m; sourceTree = "<group>"; };
		795432E01C5545E50011A522 /* Base */ = {isa = PBXFileReference; lastKnownFileType = file.storyboard; name = Base; path = Base.lproj/Main.storyboard; sourceTree = "<group>"; };
		795432E21C5545E50011A522 /* Assets.xcassets */ = {isa = PBXFileReference; lastKnownFileType = folder.assetcatalog; path = Assets.xcassets; sourceTree = "<group>"; };
		795432E51C5545E50011A522 /* Base */ = {isa = PBXFileReference; lastKnownFileType = file.storyboard; name = Base; path = Base.lproj/LaunchScreen.storyboard; sourceTree = "<group>"; };
		795432E71C5545E50011A522 /* Info.plist */ = {isa = PBXFileReference; lastKnownFileType = text.plist.xml; path = Info.plist; sourceTree = "<group>"; };
		79C415FD1C972734008B3496 /* Acclaim.framework */ = {isa = PBXFileReference; explicitFileType = wrapper.framework; name = Acclaim.framework; path = "/Users/gradyzhuo/Library/Developer/Xcode/DerivedData/Acclaim-cvyirjorhotobufqrvisqsslkbcy/Build/Products/Debug-iphonesimulator/Acclaim.framework"; sourceTree = "<absolute>"; };
		79C416001C972734008B3496 /* Acclaim_OC.framework */ = {isa = PBXFileReference; explicitFileType = wrapper.framework; name = Acclaim_OC.framework; path = "/Users/gradyzhuo/Library/Developer/Xcode/DerivedData/Acclaim-cvyirjorhotobufqrvisqsslkbcy/Build/Products/Debug-iphonesimulator/Acclaim_OC.framework"; sourceTree = "<absolute>"; };
/* End PBXFileReference section */

/* Begin PBXFrameworksBuildPhase section */
		795432D01C5545E50011A522 /* Frameworks */ = {
			isa = PBXFrameworksBuildPhase;
			buildActionMask = 2147483647;
			files = (
				79C415FE1C972734008B3496 /* Acclaim.framework in Frameworks */,
				79C416011C972734008B3496 /* Acclaim_OC.framework in Frameworks */,
			);
			runOnlyForDeploymentPostprocessing = 0;
		};
/* End PBXFrameworksBuildPhase section */

/* Begin PBXGroup section */
		795432CA1C5545E50011A522 = {
			isa = PBXGroup;
			children = (
				79C416001C972734008B3496 /* Acclaim_OC.framework */,
				79C415FD1C972734008B3496 /* Acclaim.framework */,
				795432D51C5545E50011A522 /* OCTest */,
				795432D41C5545E50011A522 /* Products */,
			);
			sourceTree = "<group>";
		};
		795432D41C5545E50011A522 /* Products */ = {
			isa = PBXGroup;
			children = (
				795432D31C5545E50011A522 /* OCTest.app */,
			);
			name = Products;
			sourceTree = "<group>";
		};
		795432D51C5545E50011A522 /* OCTest */ = {
			isa = PBXGroup;
			children = (
				795432D91C5545E50011A522 /* AppDelegate.h */,
				795432DA1C5545E50011A522 /* AppDelegate.m */,
				795432DC1C5545E50011A522 /* ViewController.h */,
				795432DD1C5545E50011A522 /* ViewController.m */,
				795432DF1C5545E50011A522 /* Main.storyboard */,
				795432E21C5545E50011A522 /* Assets.xcassets */,
				795432E41C5545E50011A522 /* LaunchScreen.storyboard */,
				795432E71C5545E50011A522 /* Info.plist */,
				795432D61C5545E50011A522 /* Supporting Files */,
			);
			path = OCTest;
			sourceTree = "<group>";
		};
		795432D61C5545E50011A522 /* Supporting Files */ = {
			isa = PBXGroup;
			children = (
				795432D71C5545E50011A522 /* main.m */,
			);
			name = "Supporting Files";
			sourceTree = "<group>";
		};
/* End PBXGroup section */

/* Begin PBXNativeTarget section */
		795432D21C5545E50011A522 /* OCTest */ = {
			isa = PBXNativeTarget;
			buildConfigurationList = 795432EA1C5545E50011A522 /* Build configuration list for PBXNativeTarget "OCTest" */;
			buildPhases = (
				795432CF1C5545E50011A522 /* Sources */,
				795432D01C5545E50011A522 /* Frameworks */,
				795432D11C5545E50011A522 /* Resources */,
				79C416031C972734008B3496 /* Embed Frameworks */,
			);
			buildRules = (
			);
			dependencies = (
			);
			name = OCTest;
			productName = OCTest;
			productReference = 795432D31C5545E50011A522 /* OCTest.app */;
			productType = "com.apple.product-type.application";
		};
/* End PBXNativeTarget section */

/* Begin PBXProject section */
		795432CB1C5545E50011A522 /* Project object */ = {
			isa = PBXProject;
			attributes = {
				LastUpgradeCheck = 0730;
				ORGANIZATIONNAME = Offsky;
				TargetAttributes = {
					795432D21C5545E50011A522 = {
						CreatedOnToolsVersion = 7.3;
					};
				};
			};
			buildConfigurationList = 795432CE1C5545E50011A522 /* Build configuration list for PBXProject "OCTest" */;
			compatibilityVersion = "Xcode 3.2";
			developmentRegion = English;
			hasScannedForEncodings = 0;
			knownRegions = (
				en,
				Base,
			);
			mainGroup = 795432CA1C5545E50011A522;
			productRefGroup = 795432D41C5545E50011A522 /* Products */;
			projectDirPath = "";
			projectRoot = "";
			targets = (
				795432D21C5545E50011A522 /* OCTest */,
			);
		};
/* End PBXProject section */

/* Begin PBXResourcesBuildPhase section */
		795432D11C5545E50011A522 /* Resources */ = {
			isa = PBXResourcesBuildPhase;
			buildActionMask = 2147483647;
			files = (
				795432E61C5545E50011A522 /* LaunchScreen.storyboard in Resources */,
				795432E31C5545E50011A522 /* Assets.xcassets in Resources */,
				795432E11C5545E50011A522 /* Main.storyboard in Resources */,
			);
			runOnlyForDeploymentPostprocessing = 0;
		};
/* End PBXResourcesBuildPhase section */

/* Begin PBXSourcesBuildPhase section */
		795432CF1C5545E50011A522 /* Sources */ = {
			isa = PBXSourcesBuildPhase;
			buildActionMask = 2147483647;
			files = (
				795432DE1C5545E50011A522 /* ViewController.m in Sources */,
				795432DB1C5545E50011A522 /* AppDelegate.m in Sources */,
				795432D81C5545E50011A522 /* main.m in Sources */,
			);
			runOnlyForDeploymentPostprocessing = 0;
		};
/* End PBXSourcesBuildPhase section */

/* Begin PBXVariantGroup section */
		795432DF1C5545E50011A522 /* Main.storyboard */ = {
			isa = PBXVariantGroup;
			children = (
				795432E01C5545E50011A522 /* Base */,
			);
			name = Main.storyboard;
			sourceTree = "<group>";
		};
		795432E41C5545E50011A522 /* LaunchScreen.storyboard */ = {
			isa = PBXVariantGroup;
			children = (
				795432E51C5545E50011A522 /* Base */,
			);
			name = LaunchScreen.storyboard;
			sourceTree = "<group>";
		};
/* End PBXVariantGroup section */

/* Begin XCBuildConfiguration section */
		795432E81C5545E50011A522 /* Debug */ = {
			isa = XCBuildConfiguration;
			buildSettings = {
				ALWAYS_SEARCH_USER_PATHS = NO;
				CLANG_CXX_LANGUAGE_STANDARD = "gnu++0x";
				CLANG_CXX_LIBRARY = "libc++";
				CLANG_ENABLE_MODULES = YES;
				CLANG_ENABLE_OBJC_ARC = YES;
				CLANG_WARN_BOOL_CONVERSION = YES;
				CLANG_WARN_CONSTANT_CONVERSION = YES;
				CLANG_WARN_DIRECT_OBJC_ISA_USAGE = YES_ERROR;
				CLANG_WARN_EMPTY_BODY = YES;
				CLANG_WARN_ENUM_CONVERSION = YES;
				CLANG_WARN_INT_CONVERSION = YES;
				CLANG_WARN_OBJC_ROOT_CLASS = YES_ERROR;
				CLANG_WARN_UNREACHABLE_CODE = YES;
				CLANG_WARN__DUPLICATE_METHOD_MATCH = YES;
				"CODE_SIGN_IDENTITY[sdk=iphoneos*]" = "iPhone Developer";
				COPY_PHASE_STRIP = NO;
				DEBUG_INFORMATION_FORMAT = dwarf;
				ENABLE_STRICT_OBJC_MSGSEND = YES;
				ENABLE_TESTABILITY = YES;
				GCC_C_LANGUAGE_STANDARD = gnu99;
				GCC_DYNAMIC_NO_PIC = NO;
				GCC_NO_COMMON_BLOCKS = YES;
				GCC_OPTIMIZATION_LEVEL = 0;
				GCC_PREPROCESSOR_DEFINITIONS = (
					"DEBUG=1",
					"$(inherited)",
				);
				GCC_WARN_64_TO_32_BIT_CONVERSION = YES;
				GCC_WARN_ABOUT_RETURN_TYPE = YES_ERROR;
				GCC_WARN_UNDECLARED_SELECTOR = YES;
				GCC_WARN_UNINITIALIZED_AUTOS = YES_AGGRESSIVE;
				GCC_WARN_UNUSED_FUNCTION = YES;
				GCC_WARN_UNUSED_VARIABLE = YES;
				IPHONEOS_DEPLOYMENT_TARGET = 9.3;
				MTL_ENABLE_DEBUG_INFO = YES;
				ONLY_ACTIVE_ARCH = YES;
				SDKROOT = iphoneos;
				TARGETED_DEVICE_FAMILY = "1,2";
			};
			name = Debug;
		};
		795432E91C5545E50011A522 /* Release */ = {
			isa = XCBuildConfiguration;
			buildSettings = {
				ALWAYS_SEARCH_USER_PATHS = NO;
				CLANG_CXX_LANGUAGE_STANDARD = "gnu++0x";
				CLANG_CXX_LIBRARY = "libc++";
				CLANG_ENABLE_MODULES = YES;
				CLANG_ENABLE_OBJC_ARC = YES;
				CLANG_WARN_BOOL_CONVERSION = YES;
				CLANG_WARN_CONSTANT_CONVERSION = YES;
				CLANG_WARN_DIRECT_OBJC_ISA_USAGE = YES_ERROR;
				CLANG_WARN_EMPTY_BODY = YES;
				CLANG_WARN_ENUM_CONVERSION = YES;
				CLANG_WARN_INT_CONVERSION = YES;
				CLANG_WARN_OBJC_ROOT_CLASS = YES_ERROR;
				CLANG_WARN_UNREACHABLE_CODE = YES;
				CLANG_WARN__DUPLICATE_METHOD_MATCH = YES;
				"CODE_SIGN_IDENTITY[sdk=iphoneos*]" = "iPhone Developer";
				COPY_PHASE_STRIP = NO;
				DEBUG_INFORMATION_FORMAT = "dwarf-with-dsym";
				ENABLE_NS_ASSERTIONS = NO;
				ENABLE_STRICT_OBJC_MSGSEND = YES;
				GCC_C_LANGUAGE_STANDARD = gnu99;
				GCC_NO_COMMON_BLOCKS = YES;
				GCC_WARN_64_TO_32_BIT_CONVERSION = YES;
				GCC_WARN_ABOUT_RETURN_TYPE = YES_ERROR;
				GCC_WARN_UNDECLARED_SELECTOR = YES;
				GCC_WARN_UNINITIALIZED_AUTOS = YES_AGGRESSIVE;
				GCC_WARN_UNUSED_FUNCTION = YES;
				GCC_WARN_UNUSED_VARIABLE = YES;
				IPHONEOS_DEPLOYMENT_TARGET = 9.3;
				MTL_ENABLE_DEBUG_INFO = NO;
				SDKROOT = iphoneos;
				TARGETED_DEVICE_FAMILY = "1,2";
				VALIDATE_PRODUCT = YES;
			};
			name = Release;
		};
		795432EB1C5545E50011A522 /* Debug */ = {
			isa = XCBuildConfiguration;
			buildSettings = {
				ASSETCATALOG_COMPILER_APPICON_NAME = AppIcon;
				EMBEDDED_CONTENT_CONTAINS_SWIFT = YES;
				INFOPLIST_FILE = OCTest/Info.plist;
				IPHONEOS_DEPLOYMENT_TARGET = 8.0;
				LD_RUNPATH_SEARCH_PATHS = "$(inherited) @executable_path/Frameworks";
				PRODUCT_BUNDLE_IDENTIFIER = org.offsky.OCTest;
				PRODUCT_NAME = "$(TARGET_NAME)";
			};
			name = Debug;
		};
		795432EC1C5545E50011A522 /* Release */ = {
			isa = XCBuildConfiguration;
			buildSettings = {
				ASSETCATALOG_COMPILER_APPICON_NAME = AppIcon;
				EMBEDDED_CONTENT_CONTAINS_SWIFT = YES;
				INFOPLIST_FILE = OCTest/Info.plist;
				IPHONEOS_DEPLOYMENT_TARGET = 8.0;
				LD_RUNPATH_SEARCH_PATHS = "$(inherited) @executable_path/Frameworks";
				PRODUCT_BUNDLE_IDENTIFIER = org.offsky.OCTest;
				PRODUCT_NAME = "$(TARGET_NAME)";
			};
			name = Release;
		};
/* End XCBuildConfiguration section */

/* Begin XCConfigurationList section */
		795432CE1C5545E50011A522 /* Build configuration list for PBXProject "OCTest" */ = {
			isa = XCConfigurationList;
			buildConfigurations = (
				795432E81C5545E50011A522 /* Debug */,
				795432E91C5545E50011A522 /* Release */,
			);
			defaultConfigurationIsVisible = 0;
			defaultConfigurationName = Release;
		};
		795432EA1C5545E50011A522 /* Build configuration list for PBXNativeTarget "OCTest" */ = {
			isa = XCConfigurationList;
			buildConfigurations = (
				795432EB1C5545E50011A522 /* Debug */,
				795432EC1C5545E50011A522 /* Release */,
			);
			defaultConfigurationIsVisible = 0;
			defaultConfigurationName = Release;
		};
/* End XCConfigurationList section */
	};
	rootObject = 795432CB1C5545E50011A522 /* Project object */;
}
